{
  "version": "3",
  "packages": {
    "specifiers": {
      "jsr:@hono/hono@^4.5.4": "jsr:@hono/hono@4.5.4"
    },
    "jsr": {
      "@hono/hono@4.5.4": {
        "integrity": "3792780b8460d5df0959b07c059db9325e4fa1a49f8b5aff7ab9bc870bdec8e3"
      }
    }
  },
  "remote": {},
  "workspace": {
    "dependencies": [
      "jsr:@hono/hono@^4.5.4"
    ]
  }
}
